// !$*UTF8*$!
{
	archiveVersion = 1;
	classes = {
	};
	objectVersion = 56;
	objects = {

/* Begin PBXBuildFile section */
		365F3F422AE55B4D00799A49 /* TrafficSign.mlmodel in Sources */ = {isa = PBXBuildFile; fileRef = 365F3F412AE55B4D00799A49 /* TrafficSign.mlmodel */; };
		369030D62A574B8400E70F3C /* LandmarksApp.swift in Sources */ = {isa = PBXBuildFile; fileRef = 369030D52A574B8400E70F3C /* LandmarksApp.swift */; };
		369030D82A574B8400E70F3C /* ContentView.swift in Sources */ = {isa = PBXBuildFile; fileRef = 369030D72A574B8400E70F3C /* ContentView.swift */; };
		369030DA2A574B8400E70F3C /* Assets.xcassets in Resources */ = {isa = PBXBuildFile; fileRef = 369030D92A574B8400E70F3C /* Assets.xcassets */; };
		369030DD2A574B8400E70F3C /* Preview Assets.xcassets in Resources */ = {isa = PBXBuildFile; fileRef = 369030DC2A574B8400E70F3C /* Preview Assets.xcassets */; };
		369030E72A574B8400E70F3C /* LandmarksTests.swift in Sources */ = {isa = PBXBuildFile; fileRef = 369030E62A574B8400E70F3C /* LandmarksTests.swift */; };
		369030F12A574B8400E70F3C /* LandmarksUITests.swift in Sources */ = {isa = PBXBuildFile; fileRef = 369030F02A574B8400E70F3C /* LandmarksUITests.swift */; };
		369030F32A574B8400E70F3C /* LandmarksUITestsLaunchTests.swift in Sources */ = {isa = PBXBuildFile; fileRef = 369030F22A574B8400E70F3C /* LandmarksUITestsLaunchTests.swift */; };
		369031042A577F4F00E70F3C /* ContentVM.swift in Sources */ = {isa = PBXBuildFile; fileRef = 369031032A577F4F00E70F3C /* ContentVM.swift */; };
		3690313C2A69E4B900E70F3C /* YOLOv3Tiny.mlmodel in Sources */ = {isa = PBXBuildFile; fileRef = 3690313B2A69E4B900E70F3C /* YOLOv3Tiny.mlmodel */; };
		3690313F2A69E65100E70F3C /* ObjectDetectionVM.swift in Sources */ = {isa = PBXBuildFile; fileRef = 3690313E2A69E65100E70F3C /* ObjectDetectionVM.swift */; };
		369031412A69E6C900E70F3C /* CameraManager.swift in Sources */ = {isa = PBXBuildFile; fileRef = 369031402A69E6C900E70F3C /* CameraManager.swift */; };
		369031442A69E76B00E70F3C /* CGImageExt.swift in Sources */ = {isa = PBXBuildFile; fileRef = 369031432A69E76B00E70F3C /* CGImageExt.swift */; };
		369031462A69E7F000E70F3C /* ObjectDetectionView.swift in Sources */ = {isa = PBXBuildFile; fileRef = 369031452A69E7F000E70F3C /* ObjectDetectionView.swift */; };
		369031482A7C683A00E70F3C /* DeferView.swift in Sources */ = {isa = PBXBuildFile; fileRef = 369031472A7C683A00E70F3C /* DeferView.swift */; };
/* End PBXBuildFile section */

/* Begin PBXContainerItemProxy section */
		369030E32A574B8400E70F3C /* PBXContainerItemProxy */ = {
			isa = PBXContainerItemProxy;
			containerPortal = 369030CA2A574B8300E70F3C /* Project object */;
			proxyType = 1;
			remoteGlobalIDString = 369030D12A574B8400E70F3C;
			remoteInfo = Landmarks;
		};
		369030ED2A574B8400E70F3C /* PBXContainerItemProxy */ = {
			isa = PBXContainerItemProxy;
			containerPortal = 369030CA2A574B8300E70F3C /* Project object */;
			proxyType = 1;
			remoteGlobalIDString = 369030D12A574B8400E70F3C;
			remoteInfo = Landmarks;
		};
/* End PBXContainerItemProxy section */

/* Begin PBXFileReference section */
		365F3F412AE55B4D00799A49 /* TrafficSign.mlmodel */ = {isa = PBXFileReference; lastKnownFileType = file.mlmodel; path = TrafficSign.mlmodel; sourceTree = "<group>"; };
		369030D22A574B8400E70F3C /* Landmarks.app */ = {isa = PBXFileReference; explicitFileType = wrapper.application; includeInIndex = 0; path = Landmarks.app; sourceTree = BUILT_PRODUCTS_DIR; };
		369030D52A574B8400E70F3C /* LandmarksApp.swift */ = {isa = PBXFileReference; lastKnownFileType = sourcecode.swift; path = LandmarksApp.swift; sourceTree = "<group>"; };
		369030D72A574B8400E70F3C /* ContentView.swift */ = {isa = PBXFileReference; lastKnownFileType = sourcecode.swift; path = ContentView.swift; sourceTree = "<group>"; };
		369030D92A574B8400E70F3C /* Assets.xcassets */ = {isa = PBXFileReference; lastKnownFileType = folder.assetcatalog; path = Assets.xcassets; sourceTree = "<group>"; };
		369030DC2A574B8400E70F3C /* Preview Assets.xcassets */ = {isa = PBXFileReference; lastKnownFileType = folder.assetcatalog; path = "Preview Assets.xcassets"; sourceTree = "<group>"; };
		369030E22A574B8400E70F3C /* LandmarksTests.xctest */ = {isa = PBXFileReference; explicitFileType = wrapper.cfbundle; includeInIndex = 0; path = LandmarksTests.xctest; sourceTree = BUILT_PRODUCTS_DIR; };
		369030E62A574B8400E70F3C /* LandmarksTests.swift */ = {isa = PBXFileReference; lastKnownFileType = sourcecode.swift; path = LandmarksTests.swift; sourceTree = "<group>"; };
		369030EC2A574B8400E70F3C /* LandmarksUITests.xctest */ = {isa = PBXFileReference; explicitFileType = wrapper.cfbundle; includeInIndex = 0; path = LandmarksUITests.xctest; sourceTree = BUILT_PRODUCTS_DIR; };
		369030F02A574B8400E70F3C /* LandmarksUITests.swift */ = {isa = PBXFileReference; lastKnownFileType = sourcecode.swift; path = LandmarksUITests.swift; sourceTree = "<group>"; };
		369030F22A574B8400E70F3C /* LandmarksUITestsLaunchTests.swift */ = {isa = PBXFileReference; lastKnownFileType = sourcecode.swift; path = LandmarksUITestsLaunchTests.swift; sourceTree = "<group>"; };
		369031032A577F4F00E70F3C /* ContentVM.swift */ = {isa = PBXFileReference; lastKnownFileType = sourcecode.swift; path = ContentVM.swift; sourceTree = "<group>"; };
		3690313B2A69E4B900E70F3C /* YOLOv3Tiny.mlmodel */ = {isa = PBXFileReference; lastKnownFileType = file.mlmodel; path = YOLOv3Tiny.mlmodel; sourceTree = "<group>"; };
		3690313E2A69E65100E70F3C /* ObjectDetectionVM.swift */ = {isa = PBXFileReference; lastKnownFileType = sourcecode.swift; path = ObjectDetectionVM.swift; sourceTree = "<group>"; };
		369031402A69E6C900E70F3C /* CameraManager.swift */ = {isa = PBXFileReference; lastKnownFileType = sourcecode.swift; path = CameraManager.swift; sourceTree = "<group>"; };
		369031432A69E76B00E70F3C /* CGImageExt.swift */ = {isa = PBXFileReference; lastKnownFileType = sourcecode.swift; path = CGImageExt.swift; sourceTree = "<group>"; };
		369031452A69E7F000E70F3C /* ObjectDetectionView.swift */ = {isa = PBXFileReference; lastKnownFileType = sourcecode.swift; path = ObjectDetectionView.swift; sourceTree = "<group>"; };
		369031472A7C683A00E70F3C /* DeferView.swift */ = {isa = PBXFileReference; lastKnownFileType = sourcecode.swift; path = DeferView.swift; sourceTree = "<group>"; };
/* End PBXFileReference section */

/* Begin PBXFrameworksBuildPhase section */
		369030CF2A574B8400E70F3C /* Frameworks */ = {
			isa = PBXFrameworksBuildPhase;
			buildActionMask = 2147483647;
			files = (
			);
			runOnlyForDeploymentPostprocessing = 0;
		};
		369030DF2A574B8400E70F3C /* Frameworks */ = {
			isa = PBXFrameworksBuildPhase;
			buildActionMask = 2147483647;
			files = (
			);
			runOnlyForDeploymentPostprocessing = 0;
		};
		369030E92A574B8400E70F3C /* Frameworks */ = {
			isa = PBXFrameworksBuildPhase;
			buildActionMask = 2147483647;
			files = (
			);
			runOnlyForDeploymentPostprocessing = 0;
		};
/* End PBXFrameworksBuildPhase section */

/* Begin PBXGroup section */
		369030C92A574B8300E70F3C = {
			isa = PBXGroup;
			children = (
				369030D42A574B8400E70F3C /* Landmarks */,
				369030E52A574B8400E70F3C /* LandmarksTests */,
				369030EF2A574B8400E70F3C /* LandmarksUITests */,
				369030D32A574B8400E70F3C /* Products */,
			);
			sourceTree = "<group>";
		};
		369030D32A574B8400E70F3C /* Products */ = {
			isa = PBXGroup;
			children = (
				369030D22A574B8400E70F3C /* Landmarks.app */,
				369030E22A574B8400E70F3C /* LandmarksTests.xctest */,
				369030EC2A574B8400E70F3C /* LandmarksUITests.xctest */,
			);
			name = Products;
			sourceTree = "<group>";
		};
		369030D42A574B8400E70F3C /* Landmarks */ = {
			isa = PBXGroup;
			children = (
				369030D92A574B8400E70F3C /* Assets.xcassets */,
				369031422A69E6E800E70F3C /* Miscellaneous */,
				369031012A577E5700E70F3C /* Application */,
				369031002A577E2E00E70F3C /* ViewModels */,
				369030FF2A577E2300E70F3C /* Views */,
				369031022A577E7E00E70F3C /* Resources */,
				369030DB2A574B8400E70F3C /* Preview Content */,
			);
			path = Landmarks;
			sourceTree = "<group>";
		};
		369030DB2A574B8400E70F3C /* Preview Content */ = {
			isa = PBXGroup;
			children = (
				369030DC2A574B8400E70F3C /* Preview Assets.xcassets */,
			);
			path = "Preview Content";
			sourceTree = "<group>";
		};
		369030E52A574B8400E70F3C /* LandmarksTests */ = {
			isa = PBXGroup;
			children = (
				369030E62A574B8400E70F3C /* LandmarksTests.swift */,
			);
			path = LandmarksTests;
			sourceTree = "<group>";
		};
		369030EF2A574B8400E70F3C /* LandmarksUITests */ = {
			isa = PBXGroup;
			children = (
				369030F02A574B8400E70F3C /* LandmarksUITests.swift */,
				369030F22A574B8400E70F3C /* LandmarksUITestsLaunchTests.swift */,
			);
			path = LandmarksUITests;
			sourceTree = "<group>";
		};
		369030FF2A577E2300E70F3C /* Views */ = {
			isa = PBXGroup;
			children = (
				369030D72A574B8400E70F3C /* ContentView.swift */,
				369031472A7C683A00E70F3C /* DeferView.swift */,
				369031452A69E7F000E70F3C /* ObjectDetectionView.swift */,
			);
			path = Views;
			sourceTree = "<group>";
		};
		369031002A577E2E00E70F3C /* ViewModels */ = {
			isa = PBXGroup;
			children = (
				369031032A577F4F00E70F3C /* ContentVM.swift */,
				3690313E2A69E65100E70F3C /* ObjectDetectionVM.swift */,
			);
			path = ViewModels;
			sourceTree = "<group>";
		};
		369031012A577E5700E70F3C /* Application */ = {
			isa = PBXGroup;
			children = (
				369030D52A574B8400E70F3C /* LandmarksApp.swift */,
			);
			path = Application;
			sourceTree = "<group>";
		};
		369031022A577E7E00E70F3C /* Resources */ = {
			isa = PBXGroup;
			children = (
				365F3F412AE55B4D00799A49 /* TrafficSign.mlmodel */,
				3690313B2A69E4B900E70F3C /* YOLOv3Tiny.mlmodel */,
			);
			path = Resources;
			sourceTree = "<group>";
		};
		369031422A69E6E800E70F3C /* Miscellaneous */ = {
			isa = PBXGroup;
			children = (
				369031402A69E6C900E70F3C /* CameraManager.swift */,
				369031432A69E76B00E70F3C /* CGImageExt.swift */,
			);
			path = Miscellaneous;
			sourceTree = "<group>";
		};
/* End PBXGroup section */

/* Begin PBXNativeTarget section */
		369030D12A574B8400E70F3C /* Landmarks */ = {
			isa = PBXNativeTarget;
			buildConfigurationList = 369030F62A574B8400E70F3C /* Build configuration list for PBXNativeTarget "Landmarks" */;
			buildPhases = (
				369030CE2A574B8400E70F3C /* Sources */,
				369030CF2A574B8400E70F3C /* Frameworks */,
				369030D02A574B8400E70F3C /* Resources */,
			);
			buildRules = (
			);
			dependencies = (
			);
			name = Landmarks;
			productName = Landmarks;
			productReference = 369030D22A574B8400E70F3C /* Landmarks.app */;
			productType = "com.apple.product-type.application";
		};
		369030E12A574B8400E70F3C /* LandmarksTests */ = {
			isa = PBXNativeTarget;
			buildConfigurationList = 369030F92A574B8400E70F3C /* Build configuration list for PBXNativeTarget "LandmarksTests" */;
			buildPhases = (
				369030DE2A574B8400E70F3C /* Sources */,
				369030DF2A574B8400E70F3C /* Frameworks */,
				369030E02A574B8400E70F3C /* Resources */,
			);
			buildRules = (
			);
			dependencies = (
				369030E42A574B8400E70F3C /* PBXTargetDependency */,
			);
			name = LandmarksTests;
			productName = LandmarksTests;
			productReference = 369030E22A574B8400E70F3C /* LandmarksTests.xctest */;
			productType = "com.apple.product-type.bundle.unit-test";
		};
		369030EB2A574B8400E70F3C /* LandmarksUITests */ = {
			isa = PBXNativeTarget;
			buildConfigurationList = 369030FC2A574B8400E70F3C /* Build configuration list for PBXNativeTarget "LandmarksUITests" */;
			buildPhases = (
				369030E82A574B8400E70F3C /* Sources */,
				369030E92A574B8400E70F3C /* Frameworks */,
				369030EA2A574B8400E70F3C /* Resources */,
			);
			buildRules = (
			);
			dependencies = (
				369030EE2A574B8400E70F3C /* PBXTargetDependency */,
			);
			name = LandmarksUITests;
			productName = LandmarksUITests;
			productReference = 369030EC2A574B8400E70F3C /* LandmarksUITests.xctest */;
			productType = "com.apple.product-type.bundle.ui-testing";
		};
/* End PBXNativeTarget section */

/* Begin PBXProject section */
		369030CA2A574B8300E70F3C /* Project object */ = {
			isa = PBXProject;
			attributes = {
				BuildIndependentTargetsInParallel = 1;
				LastSwiftUpdateCheck = 1430;
				LastUpgradeCheck = 1430;
				TargetAttributes = {
					369030D12A574B8400E70F3C = {
						CreatedOnToolsVersion = 14.3.1;
					};
					369030E12A574B8400E70F3C = {
						CreatedOnToolsVersion = 14.3.1;
						TestTargetID = 369030D12A574B8400E70F3C;
					};
					369030EB2A574B8400E70F3C = {
						CreatedOnToolsVersion = 14.3.1;
						TestTargetID = 369030D12A574B8400E70F3C;
					};
				};
			};
			buildConfigurationList = 369030CD2A574B8300E70F3C /* Build configuration list for PBXProject "Landmarks" */;
			compatibilityVersion = "Xcode 14.0";
			developmentRegion = en;
			hasScannedForEncodings = 0;
			knownRegions = (
				en,
				Base,
			);
			mainGroup = 369030C92A574B8300E70F3C;
			productRefGroup = 369030D32A574B8400E70F3C /* Products */;
			projectDirPath = "";
			projectRoot = "";
			targets = (
				369030D12A574B8400E70F3C /* Landmarks */,
				369030E12A574B8400E70F3C /* LandmarksTests */,
				369030EB2A574B8400E70F3C /* LandmarksUITests */,
			);
		};
/* End PBXProject section */

/* Begin PBXResourcesBuildPhase section */
		369030D02A574B8400E70F3C /* Resources */ = {
			isa = PBXResourcesBuildPhase;
			buildActionMask = 2147483647;
			files = (
				369030DD2A574B8400E70F3C /* Preview Assets.xcassets in Resources */,
				369030DA2A574B8400E70F3C /* Assets.xcassets in Resources */,
			);
			runOnlyForDeploymentPostprocessing = 0;
		};
		369030E02A574B8400E70F3C /* Resources */ = {
			isa = PBXResourcesBuildPhase;
			buildActionMask = 2147483647;
			files = (
			);
			runOnlyForDeploymentPostprocessing = 0;
		};
		369030EA2A574B8400E70F3C /* Resources */ = {
			isa = PBXResourcesBuildPhase;
			buildActionMask = 2147483647;
			files = (
			);
			runOnlyForDeploymentPostprocessing = 0;
		};
/* End PBXResourcesBuildPhase section */

/* Begin PBXSourcesBuildPhase section */
		369030CE2A574B8400E70F3C /* Sources */ = {
			isa = PBXSourcesBuildPhase;
			buildActionMask = 2147483647;
			files = (
				369031042A577F4F00E70F3C /* ContentVM.swift in Sources */,
				369030D82A574B8400E70F3C /* ContentView.swift in Sources */,
				3690313C2A69E4B900E70F3C /* YOLOv3Tiny.mlmodel in Sources */,
				3690313F2A69E65100E70F3C /* ObjectDetectionVM.swift in Sources */,
				369031442A69E76B00E70F3C /* CGImageExt.swift in Sources */,
				365F3F422AE55B4D00799A49 /* TrafficSign.mlmodel in Sources */,
				369031462A69E7F000E70F3C /* ObjectDetectionView.swift in Sources */,
				369031412A69E6C900E70F3C /* CameraManager.swift in Sources */,
				369030D62A574B8400E70F3C /* LandmarksApp.swift in Sources */,
				369031482A7C683A00E70F3C /* DeferView.swift in Sources */,
			);
			runOnlyForDeploymentPostprocessing = 0;
		};
		369030DE2A574B8400E70F3C /* Sources */ = {
			isa = PBXSourcesBuildPhase;
			buildActionMask = 2147483647;
			files = (
				369030E72A574B8400E70F3C /* LandmarksTests.swift in Sources */,
			);
			runOnlyForDeploymentPostprocessing = 0;
		};
		369030E82A574B8400E70F3C /* Sources */ = {
			isa = PBXSourcesBuildPhase;
			buildActionMask = 2147483647;
			files = (
				369030F32A574B8400E70F3C /* LandmarksUITestsLaunchTests.swift in Sources */,
				369030F12A574B8400E70F3C /* LandmarksUITests.swift in Sources */,
			);
			runOnlyForDeploymentPostprocessing = 0;
		};
/* End PBXSourcesBuildPhase section */

/* Begin PBXTargetDependency section */
		369030E42A574B8400E70F3C /* PBXTargetDependency */ = {
			isa = PBXTargetDependency;
			target = 369030D12A574B8400E70F3C /* Landmarks */;
			targetProxy = 369030E32A574B8400E70F3C /* PBXContainerItemProxy */;
		};
		369030EE2A574B8400E70F3C /* PBXTargetDependency */ = {
			isa = PBXTargetDependency;
			target = 369030D12A574B8400E70F3C /* Landmarks */;
			targetProxy = 369030ED2A574B8400E70F3C /* PBXContainerItemProxy */;
		};
/* End PBXTargetDependency section */

/* Begin XCBuildConfiguration section */
		369030F42A574B8400E70F3C /* Debug */ = {
			isa = XCBuildConfiguration;
			buildSettings = {
				ALWAYS_SEARCH_USER_PATHS = NO;
				CLANG_ANALYZER_NONNULL = YES;
				CLANG_ANALYZER_NUMBER_OBJECT_CONVERSION = YES_AGGRESSIVE;
				CLANG_CXX_LANGUAGE_STANDARD = "gnu++20";
				CLANG_ENABLE_MODULES = YES;
				CLANG_ENABLE_OBJC_ARC = YES;
				CLANG_ENABLE_OBJC_WEAK = YES;
				CLANG_WARN_BLOCK_CAPTURE_AUTORELEASING = YES;
				CLANG_WARN_BOOL_CONVERSION = YES;
				CLANG_WARN_COMMA = YES;
				CLANG_WARN_CONSTANT_CONVERSION = YES;
				CLANG_WARN_DEPRECATED_OBJC_IMPLEMENTATIONS = YES;
				CLANG_WARN_DIRECT_OBJC_ISA_USAGE = YES_ERROR;
				CLANG_WARN_DOCUMENTATION_COMMENTS = YES;
				CLANG_WARN_EMPTY_BODY = YES;
				CLANG_WARN_ENUM_CONVERSION = YES;
				CLANG_WARN_INFINITE_RECURSION = YES;
				CLANG_WARN_INT_CONVERSION = YES;
				CLANG_WARN_NON_LITERAL_NULL_CONVERSION = YES;
				CLANG_WARN_OBJC_IMPLICIT_RETAIN_SELF = YES;
				CLANG_WARN_OBJC_LITERAL_CONVERSION = YES;
				CLANG_WARN_OBJC_ROOT_CLASS = YES_ERROR;
				CLANG_WARN_QUOTED_INCLUDE_IN_FRAMEWORK_HEADER = YES;
				CLANG_WARN_RANGE_LOOP_ANALYSIS = YES;
				CLANG_WARN_STRICT_PROTOTYPES = YES;
				CLANG_WARN_SUSPICIOUS_MOVE = YES;
				CLANG_WARN_UNGUARDED_AVAILABILITY = YES_AGGRESSIVE;
				CLANG_WARN_UNREACHABLE_CODE = YES;
				CLANG_WARN__DUPLICATE_METHOD_MATCH = YES;
				COPY_PHASE_STRIP = NO;
				DEBUG_INFORMATION_FORMAT = dwarf;
				ENABLE_STRICT_OBJC_MSGSEND = YES;
				ENABLE_TESTABILITY = YES;
				GCC_C_LANGUAGE_STANDARD = gnu11;
				GCC_DYNAMIC_NO_PIC = NO;
				GCC_NO_COMMON_BLOCKS = YES;
				GCC_OPTIMIZATION_LEVEL = 0;
				GCC_PREPROCESSOR_DEFINITIONS = (
					"DEBUG=1",
					"$(inherited)",
				);
				GCC_WARN_64_TO_32_BIT_CONVERSION = YES;
				GCC_WARN_ABOUT_RETURN_TYPE = YES_ERROR;
				GCC_WARN_UNDECLARED_SELECTOR = YES;
				GCC_WARN_UNINITIALIZED_AUTOS = YES_AGGRESSIVE;
				GCC_WARN_UNUSED_FUNCTION = YES;
				GCC_WARN_UNUSED_VARIABLE = YES;
				IPHONEOS_DEPLOYMENT_TARGET = 16.4;
				MTL_ENABLE_DEBUG_INFO = INCLUDE_SOURCE;
				MTL_FAST_MATH = YES;
				ONLY_ACTIVE_ARCH = YES;
				SDKROOT = iphoneos;
				SWIFT_ACTIVE_COMPILATION_CONDITIONS = DEBUG;
				SWIFT_OPTIMIZATION_LEVEL = "-Onone";
			};
			name = Debug;
		};
		369030F52A574B8400E70F3C /* Release */ = {
			isa = XCBuildConfiguration;
			buildSettings = {
				ALWAYS_SEARCH_USER_PATHS = NO;
				CLANG_ANALYZER_NONNULL = YES;
				CLANG_ANALYZER_NUMBER_OBJECT_CONVERSION = YES_AGGRESSIVE;
				CLANG_CXX_LANGUAGE_STANDARD = "gnu++20";
				CLANG_ENABLE_MODULES = YES;
				CLANG_ENABLE_OBJC_ARC = YES;
				CLANG_ENABLE_OBJC_WEAK = YES;
				CLANG_WARN_BLOCK_CAPTURE_AUTORELEASING = YES;
				CLANG_WARN_BOOL_CONVERSION = YES;
				CLANG_WARN_COMMA = YES;
				CLANG_WARN_CONSTANT_CONVERSION = YES;
				CLANG_WARN_DEPRECATED_OBJC_IMPLEMENTATIONS = YES;
				CLANG_WARN_DIRECT_OBJC_ISA_USAGE = YES_ERROR;
				CLANG_WARN_DOCUMENTATION_COMMENTS = YES;
				CLANG_WARN_EMPTY_BODY = YES;
				CLANG_WARN_ENUM_CONVERSION = YES;
				CLANG_WARN_INFINITE_RECURSION = YES;
				CLANG_WARN_INT_CONVERSION = YES;
				CLANG_WARN_NON_LITERAL_NULL_CONVERSION = YES;
				CLANG_WARN_OBJC_IMPLICIT_RETAIN_SELF = YES;
				CLANG_WARN_OBJC_LITERAL_CONVERSION = YES;
				CLANG_WARN_OBJC_ROOT_CLASS = YES_ERROR;
				CLANG_WARN_QUOTED_INCLUDE_IN_FRAMEWORK_HEADER = YES;
				CLANG_WARN_RANGE_LOOP_ANALYSIS = YES;
				CLANG_WARN_STRICT_PROTOTYPES = YES;
				CLANG_WARN_SUSPICIOUS_MOVE = YES;
				CLANG_WARN_UNGUARDED_AVAILABILITY = YES_AGGRESSIVE;
				CLANG_WARN_UNREACHABLE_CODE = YES;
				CLANG_WARN__DUPLICATE_METHOD_MATCH = YES;
				COPY_PHASE_STRIP = NO;
				DEBUG_INFORMATION_FORMAT = "dwarf-with-dsym";
				ENABLE_NS_ASSERTIONS = NO;
				ENABLE_STRICT_OBJC_MSGSEND = YES;
				GCC_C_LANGUAGE_STANDARD = gnu11;
				GCC_NO_COMMON_BLOCKS = YES;
				GCC_WARN_64_TO_32_BIT_CONVERSION = YES;
				GCC_WARN_ABOUT_RETURN_TYPE = YES_ERROR;
				GCC_WARN_UNDECLARED_SELECTOR = YES;
				GCC_WARN_UNINITIALIZED_AUTOS = YES_AGGRESSIVE;
				GCC_WARN_UNUSED_FUNCTION = YES;
				GCC_WARN_UNUSED_VARIABLE = YES;
				IPHONEOS_DEPLOYMENT_TARGET = 16.4;
				MTL_ENABLE_DEBUG_INFO = NO;
				MTL_FAST_MATH = YES;
				SDKROOT = iphoneos;
				SWIFT_COMPILATION_MODE = wholemodule;
				SWIFT_OPTIMIZATION_LEVEL = "-O";
				VALIDATE_PRODUCT = YES;
			};
			name = Release;
		};
		369030F72A574B8400E70F3C /* Debug */ = {
			isa = XCBuildConfiguration;
			buildSettings = {
				ASSETCATALOG_COMPILER_APPICON_NAME = AppIcon;
				ASSETCATALOG_COMPILER_GLOBAL_ACCENT_COLOR_NAME = AccentColor;
				CODE_SIGN_STYLE = Automatic;
				CURRENT_PROJECT_VERSION = 1;
				DEVELOPMENT_ASSET_PATHS = "\"Landmarks/Preview Content\"";
				DEVELOPMENT_TEAM = X9K6U9QYF7;
				ENABLE_PREVIEWS = YES;
				GENERATE_INFOPLIST_FILE = YES;
				INFOPLIST_KEY_NSCameraUsageDescription = "Please allow to take photo.";
				INFOPLIST_KEY_NSMicrophoneUsageDescription = "Please allow to record audio.";
				INFOPLIST_KEY_UIApplicationSceneManifest_Generation = YES;
				INFOPLIST_KEY_UIApplicationSupportsIndirectInputEvents = YES;
				INFOPLIST_KEY_UILaunchScreen_Generation = YES;
				INFOPLIST_KEY_UISupportedInterfaceOrientations_iPad = "UIInterfaceOrientationPortrait UIInterfaceOrientationPortraitUpsideDown UIInterfaceOrientationLandscapeLeft UIInterfaceOrientationLandscapeRight";
				INFOPLIST_KEY_UISupportedInterfaceOrientations_iPhone = "UIInterfaceOrientationPortrait UIInterfaceOrientationLandscapeLeft UIInterfaceOrientationLandscapeRight";
				LD_RUNPATH_SEARCH_PATHS = (
					"$(inherited)",
					"@executable_path/Frameworks",
				);
				MARKETING_VERSION = 1.0;
				PRODUCT_BUNDLE_IDENTIFIER = "com.sample.Landmarks-nikky";
				PRODUCT_NAME = "$(TARGET_NAME)";
				SWIFT_EMIT_LOC_STRINGS = YES;
				SWIFT_VERSION = 5.0;
				TARGETED_DEVICE_FAMILY = "1,2";
			};
			name = Debug;
		};
		369030F82A574B8400E70F3C /* Release */ = {
			isa = XCBuildConfiguration;
			buildSettings = {
				ASSETCATALOG_COMPILER_APPICON_NAME = AppIcon;
				ASSETCATALOG_COMPILER_GLOBAL_ACCENT_COLOR_NAME = AccentColor;
				CODE_SIGN_STYLE = Automatic;
				CURRENT_PROJECT_VERSION = 1;
				DEVELOPMENT_ASSET_PATHS = "\"Landmarks/Preview Content\"";
				DEVELOPMENT_TEAM = X9K6U9QYF7;
				ENABLE_PREVIEWS = YES;
				GENERATE_INFOPLIST_FILE = YES;
				INFOPLIST_KEY_NSCameraUsageDescription = "Please allow to take photo.";
				INFOPLIST_KEY_NSMicrophoneUsageDescription = "Please allow to record audio.";
				INFOPLIST_KEY_UIApplicationSceneManifest_Generation = YES;
				INFOPLIST_KEY_UIApplicationSupportsIndirectInputEvents = YES;
				INFOPLIST_KEY_UILaunchScreen_Generation = YES;
				INFOPLIST_KEY_UISupportedInterfaceOrientations_iPad = "UIInterfaceOrientationPortrait UIInterfaceOrientationPortraitUpsideDown UIInterfaceOrientationLandscapeLeft UIInterfaceOrientationLandscapeRight";
				INFOPLIST_KEY_UISupportedInterfaceOrientations_iPhone = "UIInterfaceOrientationPortrait UIInterfaceOrientationLandscapeLeft UIInterfaceOrientationLandscapeRight";
				LD_RUNPATH_SEARCH_PATHS = (
					"$(inherited)",
					"@executable_path/Frameworks",
				);
				MARKETING_VERSION = 1.0;
				PRODUCT_BUNDLE_IDENTIFIER = "com.sample.Landmarks-nikky";
				PRODUCT_NAME = "$(TARGET_NAME)";
				SWIFT_EMIT_LOC_STRINGS = YES;
				SWIFT_VERSION = 5.0;
				TARGETED_DEVICE_FAMILY = "1,2";
			};
			name = Release;
		};
		369030FA2A574B8400E70F3C /* Debug */ = {
			isa = XCBuildConfiguration;
			buildSettings = {
				ALWAYS_EMBED_SWIFT_STANDARD_LIBRARIES = YES;
				BUNDLE_LOADER = "$(TEST_HOST)";
				CODE_SIGN_STYLE = Automatic;
				CURRENT_PROJECT_VERSION = 1;
				GENERATE_INFOPLIST_FILE = YES;
				IPHONEOS_DEPLOYMENT_TARGET = 16.4;
				MARKETING_VERSION = 1.0;
				PRODUCT_BUNDLE_IDENTIFIER = com.sample.LandmarksTests;
				PRODUCT_NAME = "$(TARGET_NAME)";
				SWIFT_EMIT_LOC_STRINGS = NO;
				SWIFT_VERSION = 5.0;
				TARGETED_DEVICE_FAMILY = "1,2";
				TEST_HOST = "$(BUILT_PRODUCTS_DIR)/Landmarks.app/$(BUNDLE_EXECUTABLE_FOLDER_PATH)/Landmarks";
			};
			name = Debug;
		};
		369030FB2A574B8400E70F3C /* Release */ = {
			isa = XCBuildConfiguration;
			buildSettings = {
				ALWAYS_EMBED_SWIFT_STANDARD_LIBRARIES = YES;
				BUNDLE_LOADER = "$(TEST_HOST)";
				CODE_SIGN_STYLE = Automatic;
				CURRENT_PROJECT_VERSION = 1;
				GENERATE_INFOPLIST_FILE = YES;
				IPHONEOS_DEPLOYMENT_TARGET = 16.4;
				MARKETING_VERSION = 1.0;
				PRODUCT_BUNDLE_IDENTIFIER = com.sample.LandmarksTests;
				PRODUCT_NAME = "$(TARGET_NAME)";
				SWIFT_EMIT_LOC_STRINGS = NO;
				SWIFT_VERSION = 5.0;
				TARGETED_DEVICE_FAMILY = "1,2";
				TEST_HOST = "$(BUILT_PRODUCTS_DIR)/Landmarks.app/$(BUNDLE_EXECUTABLE_FOLDER_PATH)/Landmarks";
			};
			name = Release;
		};
		369030FD2A574B8400E70F3C /* Debug */ = {
			isa = XCBuildConfiguration;
			buildSettings = {
				ALWAYS_EMBED_SWIFT_STANDARD_LIBRARIES = YES;
				CODE_SIGN_STYLE = Automatic;
				CURRENT_PROJECT_VERSION = 1;
				GENERATE_INFOPLIST_FILE = YES;
				MARKETING_VERSION = 1.0;
				PRODUCT_BUNDLE_IDENTIFIER = com.sample.LandmarksUITests;
				PRODUCT_NAME = "$(TARGET_NAME)";
				SWIFT_EMIT_LOC_STRINGS = NO;
				SWIFT_VERSION = 5.0;
				TARGETED_DEVICE_FAMILY = "1,2";
				TEST_TARGET_NAME = Landmarks;
			};
			name = Debug;
		};
		369030FE2A574B8400E70F3C /* Release */ = {
			isa = XCBuildConfiguration;
			buildSettings = {
				ALWAYS_EMBED_SWIFT_STANDARD_LIBRARIES = YES;
				CODE_SIGN_STYLE = Automatic;
				CURRENT_PROJECT_VERSION = 1;
				GENERATE_INFOPLIST_FILE = YES;
				MARKETING_VERSION = 1.0;
				PRODUCT_BUNDLE_IDENTIFIER = com.sample.LandmarksUITests;
				PRODUCT_NAME = "$(TARGET_NAME)";
				SWIFT_EMIT_LOC_STRINGS = NO;
				SWIFT_VERSION = 5.0;
				TARGETED_DEVICE_FAMILY = "1,2";
				TEST_TARGET_NAME = Landmarks;
			};
			name = Release;
		};
/* End XCBuildConfiguration section */

/* Begin XCConfigurationList section */
		369030CD2A574B8300E70F3C /* Build configuration list for PBXProject "Landmarks" */ = {
			isa = XCConfigurationList;
			buildConfigurations = (
				369030F42A574B8400E70F3C /* Debug */,
				369030F52A574B8400E70F3C /* Release */,
			);
			defaultConfigurationIsVisible = 0;
			defaultConfigurationName = Release;
		};
		369030F62A574B8400E70F3C /* Build configuration list for PBXNativeTarget "Landmarks" */ = {
			isa = XCConfigurationList;
			buildConfigurations = (
				369030F72A574B8400E70F3C /* Debug */,
				369030F82A574B8400E70F3C /* Release */,
			);
			defaultConfigurationIsVisible = 0;
			defaultConfigurationName = Release;
		};
		369030F92A574B8400E70F3C /* Build configuration list for PBXNativeTarget "LandmarksTests" */ = {
			isa = XCConfigurationList;
			buildConfigurations = (
				369030FA2A574B8400E70F3C /* Debug */,
				369030FB2A574B8400E70F3C /* Release */,
			);
			defaultConfigurationIsVisible = 0;
			defaultConfigurationName = Release;
		};
		369030FC2A574B8400E70F3C /* Build configuration list for PBXNativeTarget "LandmarksUITests" */ = {
			isa = XCConfigurationList;
			buildConfigurations = (
				369030FD2A574B8400E70F3C /* Debug */,
				369030FE2A574B8400E70F3C /* Release */,
			);
			defaultConfigurationIsVisible = 0;
			defaultConfigurationName = Release;
		};
/* End XCConfigurationList section */
	};
	rootObject = 369030CA2A574B8300E70F3C /* Project object */;
}
